# This file was autogenerated by Stack.
# You should not edit this file by hand.
# For more information, please see the documentation at:
#   https://docs.haskellstack.org/en/stable/lock_files

packages:
- completed:
    name: buttplug-hs-core
    version: 0.2.0.0
    git: https://github.com/sullyj3/buttplug-hs-core.git
    pantry-tree:
      size: 1026
      sha256: a0dd014e6e530f3a3c7373bb619d52c98bf9c2949e0c124ca27a8e5e6b7ccd54
    commit: ea7476e63cdd23f49e3f810de8894c02b43c02fd
  original:
    git: https://github.com/sullyj3/buttplug-hs-core.git
    commit: ea7476e63cdd23f49e3f810de8894c02b43c02fd
snapshots:
- completed:
    size: 619163
    url: https://raw.githubusercontent.com/commercialhaskell/stackage-snapshots/master/lts/19/16.yaml
    sha256: a27a5761890ade44d7dd21a5f5f93c87e60b9c063655fff835d69dd1071474f0
  original:
    url: https://raw.githubusercontent.com/commercialhaskell/stackage-snapshots/master/lts/19/16.yaml
